// !$*UTF8*$!
{
	archiveVersion = 1;
	classes = {
	};
	objectVersion = 50;
	objects = {

/* Begin PBXBuildFile section */
		7EB38958433ADCCD07480EC9 /* Pods_RepoViewer.framework in Frameworks */ = {isa = PBXBuildFile; fileRef = AE6DB353CC65F89C515CFDB3 /* Pods_RepoViewer.framework */; };
		BA0AEA3D218D1221008AC723 /* AuthViewController.swift in Sources */ = {isa = PBXBuildFile; fileRef = BA0AEA3C218D1221008AC723 /* AuthViewController.swift */; };
		BA0E5B5D218CFE5B0013F5A6 /* AppDelegate.swift in Sources */ = {isa = PBXBuildFile; fileRef = BA0E5B5C218CFE5B0013F5A6 /* AppDelegate.swift */; };
		BA0E5B62218CFE5B0013F5A6 /* Main.storyboard in Resources */ = {isa = PBXBuildFile; fileRef = BA0E5B60218CFE5B0013F5A6 /* Main.storyboard */; };
		BA0E5B64218CFE5D0013F5A6 /* Assets.xcassets in Resources */ = {isa = PBXBuildFile; fileRef = BA0E5B63218CFE5D0013F5A6 /* Assets.xcassets */; };
		BA0E5B67218CFE5D0013F5A6 /* LaunchScreen.storyboard in Resources */ = {isa = PBXBuildFile; fileRef = BA0E5B65218CFE5D0013F5A6 /* LaunchScreen.storyboard */; };
		BA0E5B74218D00150013F5A6 /* Auth.storyboard in Resources */ = {isa = PBXBuildFile; fileRef = BA0E5B73218D00150013F5A6 /* Auth.storyboard */; };
		BA76319D218DD32700929175 /* TokenManager.swift in Sources */ = {isa = PBXBuildFile; fileRef = BA76319C218DD32700929175 /* TokenManager.swift */; };
		BA76319F218DD3E700929175 /* Storyboard.swift in Sources */ = {isa = PBXBuildFile; fileRef = BA76319E218DD3E700929175 /* Storyboard.swift */; };
		BA7631A1218DD45700929175 /* MainViewController.swift in Sources */ = {isa = PBXBuildFile; fileRef = BA7631A0218DD45700929175 /* MainViewController.swift */; };
		BA7631A3218DDDFB00929175 /* Utils.swift in Sources */ = {isa = PBXBuildFile; fileRef = BA7631A2218DDDFB00929175 /* Utils.swift */; };
		BA7631A5218DE19300929175 /* Credentials.plist in Resources */ = {isa = PBXBuildFile; fileRef = BA7631A4218DE19300929175 /* Credentials.plist */; };
		BA7631AA218DF75E00929175 /* ApiClient.swift in Sources */ = {isa = PBXBuildFile; fileRef = BA7631A9218DF75E00929175 /* ApiClient.swift */; };
		BA7631AC218DFB0300929175 /* RxApollo.swift in Sources */ = {isa = PBXBuildFile; fileRef = BA7631AB218DFB0200929175 /* RxApollo.swift */; };
		BA7631AE218DFB4F00929175 /* schema.json in Resources */ = {isa = PBXBuildFile; fileRef = BA7631AD218DFB4F00929175 /* schema.json */; };
		BA7631B1218DFBC300929175 /* API.swift in Sources */ = {isa = PBXBuildFile; fileRef = BA7631B0218DFBC200929175 /* API.swift */; };
		BACCDC96218E660200EF70BF /* RepoTableCell.swift in Sources */ = {isa = PBXBuildFile; fileRef = BACCDC94218E660200EF70BF /* RepoTableCell.swift */; };
		BACCDC97218E660200EF70BF /* RepoTableCell.xib in Resources */ = {isa = PBXBuildFile; fileRef = BACCDC95218E660200EF70BF /* RepoTableCell.xib */; };
		BACCDC99218E662F00EF70BF /* Reusable.swift in Sources */ = {isa = PBXBuildFile; fileRef = BACCDC98218E662F00EF70BF /* Reusable.swift */; };
		BACCDC9C218E665D00EF70BF /* NibLoadable.swift in Sources */ = {isa = PBXBuildFile; fileRef = BACCDC9B218E665D00EF70BF /* NibLoadable.swift */; };
		BACCDC9F218E685000EF70BF /* Repositories.graphql in Resources */ = {isa = PBXBuildFile; fileRef = BACCDC9E218E685000EF70BF /* Repositories.graphql */; };
		BACCDCA1218E6D9800EF70BF /* Repository.swift in Sources */ = {isa = PBXBuildFile; fileRef = BACCDCA0218E6D9800EF70BF /* Repository.swift */; };
		BACCDCA5218E760500EF70BF /* RepositoriesService.swift in Sources */ = {isa = PBXBuildFile; fileRef = BACCDCA4218E760500EF70BF /* RepositoriesService.swift */; };
		BACCDCA7218E783A00EF70BF /* RepositoriesViewModel.swift in Sources */ = {isa = PBXBuildFile; fileRef = BACCDCA6218E783A00EF70BF /* RepositoriesViewModel.swift */; };
		BACCDCA9218E828F00EF70BF /* RepositoriesTableDataSource.swift in Sources */ = {isa = PBXBuildFile; fileRef = BACCDCA8218E828F00EF70BF /* RepositoriesTableDataSource.swift */; };
		BACCDCCC2192515200EF70BF /* RepositoryDetailsViewController.swift in Sources */ = {isa = PBXBuildFile; fileRef = BACCDCCB2192515200EF70BF /* RepositoryDetailsViewController.swift */; };
		BACCDCE821937A4900EF70BF /* RepositoryViewModel.swift in Sources */ = {isa = PBXBuildFile; fileRef = BACCDCE721937A4900EF70BF /* RepositoryViewModel.swift */; };
		BACCDCEC2193811C00EF70BF /* Injection.swift in Sources */ = {isa = PBXBuildFile; fileRef = BACCDCEB2193811C00EF70BF /* Injection.swift */; };
/* End PBXBuildFile section */

/* Begin PBXFileReference section */
		81E00F373D73376A18277B61 /* Pods-RepoViewer.debug.xcconfig */ = {isa = PBXFileReference; includeInIndex = 1; lastKnownFileType = text.xcconfig; name = "Pods-RepoViewer.debug.xcconfig"; path = "Pods/Target Support Files/Pods-RepoViewer/Pods-RepoViewer.debug.xcconfig"; sourceTree = "<group>"; };
		AE6DB353CC65F89C515CFDB3 /* Pods_RepoViewer.framework */ = {isa = PBXFileReference; explicitFileType = wrapper.framework; includeInIndex = 0; path = Pods_RepoViewer.framework; sourceTree = BUILT_PRODUCTS_DIR; };
		BA0AEA3C218D1221008AC723 /* AuthViewController.swift */ = {isa = PBXFileReference; lastKnownFileType = sourcecode.swift; path = AuthViewController.swift; sourceTree = "<group>"; };
		BA0E5B59218CFE5B0013F5A6 /* RepoViewer.app */ = {isa = PBXFileReference; explicitFileType = wrapper.application; includeInIndex = 0; path = RepoViewer.app; sourceTree = BUILT_PRODUCTS_DIR; };
		BA0E5B5C218CFE5B0013F5A6 /* AppDelegate.swift */ = {isa = PBXFileReference; lastKnownFileType = sourcecode.swift; path = AppDelegate.swift; sourceTree = "<group>"; };
		BA0E5B61218CFE5B0013F5A6 /* Base */ = {isa = PBXFileReference; lastKnownFileType = file.storyboard; name = Base; path = Base.lproj/Main.storyboard; sourceTree = "<group>"; };
		BA0E5B63218CFE5D0013F5A6 /* Assets.xcassets */ = {isa = PBXFileReference; lastKnownFileType = folder.assetcatalog; path = Assets.xcassets; sourceTree = "<group>"; };
		BA0E5B66218CFE5D0013F5A6 /* Base */ = {isa = PBXFileReference; lastKnownFileType = file.storyboard; name = Base; path = Base.lproj/LaunchScreen.storyboard; sourceTree = "<group>"; };
		BA0E5B68218CFE5D0013F5A6 /* Info.plist */ = {isa = PBXFileReference; lastKnownFileType = text.plist.xml; path = Info.plist; sourceTree = "<group>"; };
		BA0E5B73218D00150013F5A6 /* Auth.storyboard */ = {isa = PBXFileReference; lastKnownFileType = file.storyboard; path = Auth.storyboard; sourceTree = "<group>"; };
		BA76319C218DD32700929175 /* TokenManager.swift */ = {isa = PBXFileReference; lastKnownFileType = sourcecode.swift; path = TokenManager.swift; sourceTree = "<group>"; };
		BA76319E218DD3E700929175 /* Storyboard.swift */ = {isa = PBXFileReference; lastKnownFileType = sourcecode.swift; path = Storyboard.swift; sourceTree = "<group>"; };
		BA7631A0218DD45700929175 /* MainViewController.swift */ = {isa = PBXFileReference; lastKnownFileType = sourcecode.swift; path = MainViewController.swift; sourceTree = "<group>"; };
		BA7631A2218DDDFB00929175 /* Utils.swift */ = {isa = PBXFileReference; lastKnownFileType = sourcecode.swift; path = Utils.swift; sourceTree = "<group>"; };
		BA7631A4218DE19300929175 /* Credentials.plist */ = {isa = PBXFileReference; lastKnownFileType = text.plist.xml; path = Credentials.plist; sourceTree = "<group>"; };
		BA7631A9218DF75E00929175 /* ApiClient.swift */ = {isa = PBXFileReference; lastKnownFileType = sourcecode.swift; path = ApiClient.swift; sourceTree = "<group>"; };
		BA7631AB218DFB0200929175 /* RxApollo.swift */ = {isa = PBXFileReference; fileEncoding = 4; lastKnownFileType = sourcecode.swift; path = RxApollo.swift; sourceTree = "<group>"; };
		BA7631AD218DFB4F00929175 /* schema.json */ = {isa = PBXFileReference; fileEncoding = 4; lastKnownFileType = text.json; path = schema.json; sourceTree = "<group>"; };
		BA7631B0218DFBC200929175 /* API.swift */ = {isa = PBXFileReference; fileEncoding = 4; lastKnownFileType = sourcecode.swift; path = API.swift; sourceTree = "<group>"; };
		BACCDC94218E660200EF70BF /* RepoTableCell.swift */ = {isa = PBXFileReference; lastKnownFileType = sourcecode.swift; path = RepoTableCell.swift; sourceTree = "<group>"; };
		BACCDC95218E660200EF70BF /* RepoTableCell.xib */ = {isa = PBXFileReference; lastKnownFileType = file.xib; path = RepoTableCell.xib; sourceTree = "<group>"; };
		BACCDC98218E662F00EF70BF /* Reusable.swift */ = {isa = PBXFileReference; lastKnownFileType = sourcecode.swift; path = Reusable.swift; sourceTree = "<group>"; };
		BACCDC9B218E665D00EF70BF /* NibLoadable.swift */ = {isa = PBXFileReference; lastKnownFileType = sourcecode.swift; path = NibLoadable.swift; sourceTree = "<group>"; };
		BACCDC9E218E685000EF70BF /* Repositories.graphql */ = {isa = PBXFileReference; lastKnownFileType = text; path = Repositories.graphql; sourceTree = "<group>"; };
		BACCDCA0218E6D9800EF70BF /* Repository.swift */ = {isa = PBXFileReference; lastKnownFileType = sourcecode.swift; path = Repository.swift; sourceTree = "<group>"; };
		BACCDCA4218E760500EF70BF /* RepositoriesService.swift */ = {isa = PBXFileReference; lastKnownFileType = sourcecode.swift; path = RepositoriesService.swift; sourceTree = "<group>"; };
		BACCDCA6218E783A00EF70BF /* RepositoriesViewModel.swift */ = {isa = PBXFileReference; lastKnownFileType = sourcecode.swift; path = RepositoriesViewModel.swift; sourceTree = "<group>"; };
		BACCDCA8218E828F00EF70BF /* RepositoriesTableDataSource.swift */ = {isa = PBXFileReference; lastKnownFileType = sourcecode.swift; path = RepositoriesTableDataSource.swift; sourceTree = "<group>"; };
		BACCDCCB2192515200EF70BF /* RepositoryDetailsViewController.swift */ = {isa = PBXFileReference; lastKnownFileType = sourcecode.swift; path = RepositoryDetailsViewController.swift; sourceTree = "<group>"; };
		BACCDCE721937A4900EF70BF /* RepositoryViewModel.swift */ = {isa = PBXFileReference; lastKnownFileType = sourcecode.swift; path = RepositoryViewModel.swift; sourceTree = "<group>"; };
		BACCDCEB2193811C00EF70BF /* Injection.swift */ = {isa = PBXFileReference; lastKnownFileType = sourcecode.swift; path = Injection.swift; sourceTree = "<group>"; };
		D9A45FB7FB4C0586148F8202 /* Pods-RepoViewer.release.xcconfig */ = {isa = PBXFileReference; includeInIndex = 1; lastKnownFileType = text.xcconfig; name = "Pods-RepoViewer.release.xcconfig"; path = "Pods/Target Support Files/Pods-RepoViewer/Pods-RepoViewer.release.xcconfig"; sourceTree = "<group>"; };
/* End PBXFileReference section */

/* Begin PBXFrameworksBuildPhase section */
		BA0E5B56218CFE5B0013F5A6 /* Frameworks */ = {
			isa = PBXFrameworksBuildPhase;
			buildActionMask = 2147483647;
			files = (
				7EB38958433ADCCD07480EC9 /* Pods_RepoViewer.framework in Frameworks */,
			);
			runOnlyForDeploymentPostprocessing = 0;
		};
/* End PBXFrameworksBuildPhase section */

/* Begin PBXGroup section */
		223E72028D24DB6A42EBCE25 /* Pods */ = {
			isa = PBXGroup;
			children = (
				81E00F373D73376A18277B61 /* Pods-RepoViewer.debug.xcconfig */,
				D9A45FB7FB4C0586148F8202 /* Pods-RepoViewer.release.xcconfig */,
			);
			name = Pods;
			sourceTree = "<group>";
		};
		2835776A94678F1F12ACEC6B /* Frameworks */ = {
			isa = PBXGroup;
			children = (
				AE6DB353CC65F89C515CFDB3 /* Pods_RepoViewer.framework */,
			);
			name = Frameworks;
			sourceTree = "<group>";
		};
		BA0E5B50218CFE5B0013F5A6 = {
			isa = PBXGroup;
			children = (
				BA0E5B5B218CFE5B0013F5A6 /* RepoViewer */,
				BA0E5B5A218CFE5B0013F5A6 /* Products */,
				223E72028D24DB6A42EBCE25 /* Pods */,
				2835776A94678F1F12ACEC6B /* Frameworks */,
			);
			sourceTree = "<group>";
		};
		BA0E5B5A218CFE5B0013F5A6 /* Products */ = {
			isa = PBXGroup;
			children = (
				BA0E5B59218CFE5B0013F5A6 /* RepoViewer.app */,
			);
			name = Products;
			sourceTree = "<group>";
		};
		BA0E5B5B218CFE5B0013F5A6 /* RepoViewer */ = {
			isa = PBXGroup;
			children = (
				BA0E5B6E218CFF190013F5A6 /* Architecture */,
				BA763199218DD2F900929175 /* Utils */,
				BA0E5B75218D00560013F5A6 /* Resources */,
				BA0E5B6F218CFF870013F5A6 /* Storyboards */,
				BA0E5B68218CFE5D0013F5A6 /* Info.plist */,
			);
			path = RepoViewer;
			sourceTree = "<group>";
		};
		BA0E5B6E218CFF190013F5A6 /* Architecture */ = {
			isa = PBXGroup;
			children = (
				BA0E5B5C218CFE5B0013F5A6 /* AppDelegate.swift */,
				BA126AED21978BAC0051CBF3 /* Network */,
				BA126AEC21978BA60051CBF3 /* Data */,
				BACCDCCA2192510E00EF70BF /* Screens */,
			);
			path = Architecture;
			sourceTree = "<group>";
		};
		BA0E5B6F218CFF870013F5A6 /* Storyboards */ = {
			isa = PBXGroup;
			children = (
				BA0E5B73218D00150013F5A6 /* Auth.storyboard */,
				BA0E5B60218CFE5B0013F5A6 /* Main.storyboard */,
				BA0E5B65218CFE5D0013F5A6 /* LaunchScreen.storyboard */,
				BA76319E218DD3E700929175 /* Storyboard.swift */,
			);
			path = Storyboards;
			sourceTree = "<group>";
		};
		BA0E5B70218CFFE30013F5A6 /* Auth */ = {
			isa = PBXGroup;
			children = (
				BA0AEA3C218D1221008AC723 /* AuthViewController.swift */,
				BA76319C218DD32700929175 /* TokenManager.swift */,
			);
			path = Auth;
			sourceTree = "<group>";
		};
		BA0E5B72218CFFF20013F5A6 /* HomeScreen */ = {
			isa = PBXGroup;
			children = (
				BA7631A0218DD45700929175 /* MainViewController.swift */,
				BACCDCA8218E828F00EF70BF /* RepositoriesTableDataSource.swift */,
				BACCDCA6218E783A00EF70BF /* RepositoriesViewModel.swift */,
				BACCDC93218E65D600EF70BF /* ViewCells */,
			);
			path = HomeScreen;
			sourceTree = "<group>";
		};
		BA0E5B75218D00560013F5A6 /* Resources */ = {
			isa = PBXGroup;
			children = (
				BA0E5B63218CFE5D0013F5A6 /* Assets.xcassets */,
			);
			path = Resources;
			sourceTree = "<group>";
		};
		BA126AEC21978BA60051CBF3 /* Data */ = {
			isa = PBXGroup;
			children = (
				BACCDC9E218E685000EF70BF /* Repositories.graphql */,
				BACCDCA0218E6D9800EF70BF /* Repository.swift */,
				BACCDCA4218E760500EF70BF /* RepositoriesService.swift */,
			);
			path = Data;
			sourceTree = "<group>";
		};
		BA126AED21978BAC0051CBF3 /* Network */ = {
			isa = PBXGroup;
			children = (
				BA7631A6218DF60F00929175 /* API */,
				BA0E5B70218CFFE30013F5A6 /* Auth */,
			);
			path = Network;
			sourceTree = "<group>";
		};
		BA763199218DD2F900929175 /* Utils */ = {
			isa = PBXGroup;
			children = (
				BACCDC9A218E664900EF70BF /* Protocols */,
				BACCDCEB2193811C00EF70BF /* Injection.swift */,
				BA7631A2218DDDFB00929175 /* Utils.swift */,
				BA7631A4218DE19300929175 /* Credentials.plist */,
			);
			path = Utils;
			sourceTree = "<group>";
		};
		BA7631A6218DF60F00929175 /* API */ = {
			isa = PBXGroup;
			children = (
				BA7631A8218DF62700929175 /* ApiClient */,
				BA7631A7218DF61C00929175 /* Generated */,
			);
			path = API;
			sourceTree = "<group>";
		};
		BA7631A7218DF61C00929175 /* Generated */ = {
			isa = PBXGroup;
			children = (
				BA7631B0218DFBC200929175 /* API.swift */,
				BA7631AD218DFB4F00929175 /* schema.json */,
			);
			path = Generated;
			sourceTree = "<group>";
		};
		BA7631A8218DF62700929175 /* ApiClient */ = {
			isa = PBXGroup;
			children = (
				BA7631A9218DF75E00929175 /* ApiClient.swift */,
				BA7631AB218DFB0200929175 /* RxApollo.swift */,
			);
			path = ApiClient;
			sourceTree = "<group>";
		};
		BACCDC93218E65D600EF70BF /* ViewCells */ = {
			isa = PBXGroup;
			children = (
				BACCDC94218E660200EF70BF /* RepoTableCell.swift */,
				BACCDC95218E660200EF70BF /* RepoTableCell.xib */,
			);
			path = ViewCells;
			sourceTree = "<group>";
		};
		BACCDC9A218E664900EF70BF /* Protocols */ = {
			isa = PBXGroup;
			children = (
				BACCDC98218E662F00EF70BF /* Reusable.swift */,
				BACCDC9B218E665D00EF70BF /* NibLoadable.swift */,
			);
			path = Protocols;
			sourceTree = "<group>";
		};
		BACCDCC92192510700EF70BF /* DetailsScreen */ = {
			isa = PBXGroup;
			children = (
				BACCDCCB2192515200EF70BF /* RepositoryDetailsViewController.swift */,
				BACCDCE721937A4900EF70BF /* RepositoryViewModel.swift */,
			);
			path = DetailsScreen;
			sourceTree = "<group>";
		};
		BACCDCCA2192510E00EF70BF /* Screens */ = {
			isa = PBXGroup;
			children = (
				BACCDCC92192510700EF70BF /* DetailsScreen */,
				BA0E5B72218CFFF20013F5A6 /* HomeScreen */,
			);
			path = Screens;
			sourceTree = "<group>";
		};
/* End PBXGroup section */

/* Begin PBXNativeTarget section */
		BA0E5B58218CFE5B0013F5A6 /* RepoViewer */ = {
			isa = PBXNativeTarget;
			buildConfigurationList = BA0E5B6B218CFE5D0013F5A6 /* Build configuration list for PBXNativeTarget "RepoViewer" */;
			buildPhases = (
				EC671D02A8E52619815181FE /* [CP] Check Pods Manifest.lock */,
				BA7631AF218DFB6700929175 /* Generate Apollo GraphQL API */,
				BA0E5B55218CFE5B0013F5A6 /* Sources */,
				BA0E5B56218CFE5B0013F5A6 /* Frameworks */,
				BA0E5B57218CFE5B0013F5A6 /* Resources */,
				EA9CA157AC5542C58636C82D /* [CP] Embed Pods Frameworks */,
			);
			buildRules = (
			);
			dependencies = (
			);
			name = RepoViewer;
			productName = RepoViewer;
			productReference = BA0E5B59218CFE5B0013F5A6 /* RepoViewer.app */;
			productType = "com.apple.product-type.application";
		};
/* End PBXNativeTarget section */

/* Begin PBXProject section */
		BA0E5B51218CFE5B0013F5A6 /* Project object */ = {
			isa = PBXProject;
			attributes = {
				LastSwiftUpdateCheck = 1010;
				LastUpgradeCheck = 1010;
				ORGANIZATIONNAME = "Victor Mihaita";
				TargetAttributes = {
					BA0E5B58218CFE5B0013F5A6 = {
						CreatedOnToolsVersion = 10.1;
					};
				};
			};
			buildConfigurationList = BA0E5B54218CFE5B0013F5A6 /* Build configuration list for PBXProject "RepoViewer" */;
			compatibilityVersion = "Xcode 9.3";
			developmentRegion = en;
			hasScannedForEncodings = 0;
			knownRegions = (
				en,
				Base,
			);
			mainGroup = BA0E5B50218CFE5B0013F5A6;
			productRefGroup = BA0E5B5A218CFE5B0013F5A6 /* Products */;
			projectDirPath = "";
			projectRoot = "";
			targets = (
				BA0E5B58218CFE5B0013F5A6 /* RepoViewer */,
			);
		};
/* End PBXProject section */

/* Begin PBXResourcesBuildPhase section */
		BA0E5B57218CFE5B0013F5A6 /* Resources */ = {
			isa = PBXResourcesBuildPhase;
			buildActionMask = 2147483647;
			files = (
				BA0E5B74218D00150013F5A6 /* Auth.storyboard in Resources */,
				BACCDC9F218E685000EF70BF /* Repositories.graphql in Resources */,
				BA0E5B67218CFE5D0013F5A6 /* LaunchScreen.storyboard in Resources */,
				BA7631A5218DE19300929175 /* Credentials.plist in Resources */,
				BA0E5B64218CFE5D0013F5A6 /* Assets.xcassets in Resources */,
				BA7631AE218DFB4F00929175 /* schema.json in Resources */,
				BA0E5B62218CFE5B0013F5A6 /* Main.storyboard in Resources */,
				BACCDC97218E660200EF70BF /* RepoTableCell.xib in Resources */,
			);
			runOnlyForDeploymentPostprocessing = 0;
		};
/* End PBXResourcesBuildPhase section */

/* Begin PBXShellScriptBuildPhase section */
		BA7631AF218DFB6700929175 /* Generate Apollo GraphQL API */ = {
			isa = PBXShellScriptBuildPhase;
			buildActionMask = 2147483647;
			files = (
			);
			inputFileListPaths = (
			);
			inputPaths = (
			);
			name = "Generate Apollo GraphQL API";
			outputFileListPaths = (
			);
			outputPaths = (
			);
			runOnlyForDeploymentPostprocessing = 0;
			shellPath = /bin/sh;
			shellScript = "APOLLO_FRAMEWORK_PATH=\"$(eval find $FRAMEWORK_SEARCH_PATHS -name \"Apollo.framework\" -maxdepth 1)\"\n\nif [ -z \"$APOLLO_FRAMEWORK_PATH\" ]; then\necho \"error: Couldn't find Apollo.framework in FRAMEWORK_SEARCH_PATHS; make sure to add the framework to your project.\"\nexit 1\nfi\n\ncd \"${SRCROOT}\"\n$APOLLO_FRAMEWORK_PATH/check-and-run-apollo-cli.sh apollo codegen:generate RepoViewer/Architecture/API/Generated/API.swift --queries=\"$(find . -name '*.graphql')\" --passthroughCustomScalars --schema=RepoViewer/Architecture/API/Generated/schema.json\n";
		};
		EA9CA157AC5542C58636C82D /* [CP] Embed Pods Frameworks */ = {
			isa = PBXShellScriptBuildPhase;
			buildActionMask = 2147483647;
			files = (
			);
			inputFileListPaths = (
			);
			inputPaths = (
				"${SRCROOT}/Pods/Target Support Files/Pods-RepoViewer/Pods-RepoViewer-frameworks.sh",
				"${BUILT_PRODUCTS_DIR}/Alamofire/Alamofire.framework",
				"${BUILT_PRODUCTS_DIR}/Apollo/Apollo.framework",
				"${BUILT_PRODUCTS_DIR}/ApolloAlamofire/ApolloAlamofire.framework",
				"${BUILT_PRODUCTS_DIR}/OAuthSwift/OAuthSwift.framework",
				"${BUILT_PRODUCTS_DIR}/RxAtomic/RxAtomic.framework",
				"${BUILT_PRODUCTS_DIR}/RxCocoa/RxCocoa.framework",
				"${BUILT_PRODUCTS_DIR}/RxSwift/RxSwift.framework",
			);
			name = "[CP] Embed Pods Frameworks";
			outputFileListPaths = (
			);
			outputPaths = (
				"${TARGET_BUILD_DIR}/${FRAMEWORKS_FOLDER_PATH}/Alamofire.framework",
				"${TARGET_BUILD_DIR}/${FRAMEWORKS_FOLDER_PATH}/Apollo.framework",
				"${TARGET_BUILD_DIR}/${FRAMEWORKS_FOLDER_PATH}/ApolloAlamofire.framework",
				"${TARGET_BUILD_DIR}/${FRAMEWORKS_FOLDER_PATH}/OAuthSwift.framework",
				"${TARGET_BUILD_DIR}/${FRAMEWORKS_FOLDER_PATH}/RxAtomic.framework",
				"${TARGET_BUILD_DIR}/${FRAMEWORKS_FOLDER_PATH}/RxCocoa.framework",
				"${TARGET_BUILD_DIR}/${FRAMEWORKS_FOLDER_PATH}/RxSwift.framework",
			);
			runOnlyForDeploymentPostprocessing = 0;
			shellPath = /bin/sh;
			shellScript = "\"${SRCROOT}/Pods/Target Support Files/Pods-RepoViewer/Pods-RepoViewer-frameworks.sh\"\n";
			showEnvVarsInLog = 0;
		};
		EC671D02A8E52619815181FE /* [CP] Check Pods Manifest.lock */ = {
			isa = PBXShellScriptBuildPhase;
			buildActionMask = 2147483647;
			files = (
			);
			inputFileListPaths = (
			);
			inputPaths = (
				"${PODS_PODFILE_DIR_PATH}/Podfile.lock",
				"${PODS_ROOT}/Manifest.lock",
			);
			name = "[CP] Check Pods Manifest.lock";
			outputFileListPaths = (
			);
			outputPaths = (
				"$(DERIVED_FILE_DIR)/Pods-RepoViewer-checkManifestLockResult.txt",
			);
			runOnlyForDeploymentPostprocessing = 0;
			shellPath = /bin/sh;
			shellScript = "diff \"${PODS_PODFILE_DIR_PATH}/Podfile.lock\" \"${PODS_ROOT}/Manifest.lock\" > /dev/null\nif [ $? != 0 ] ; then\n    # print error to STDERR\n    echo \"error: The sandbox is not in sync with the Podfile.lock. Run 'pod install' or update your CocoaPods installation.\" >&2\n    exit 1\nfi\n# This output is used by Xcode 'outputs' to avoid re-running this script phase.\necho \"SUCCESS\" > \"${SCRIPT_OUTPUT_FILE_0}\"\n";
			showEnvVarsInLog = 0;
		};
/* End PBXShellScriptBuildPhase section */

/* Begin PBXSourcesBuildPhase section */
		BA0E5B55218CFE5B0013F5A6 /* Sources */ = {
			isa = PBXSourcesBuildPhase;
			buildActionMask = 2147483647;
			files = (
				BACCDC99218E662F00EF70BF /* Reusable.swift in Sources */,
				BA76319F218DD3E700929175 /* Storyboard.swift in Sources */,
				BACCDC96218E660200EF70BF /* RepoTableCell.swift in Sources */,
				BA0AEA3D218D1221008AC723 /* AuthViewController.swift in Sources */,
				BA0E5B5D218CFE5B0013F5A6 /* AppDelegate.swift in Sources */,
				BACCDCEC2193811C00EF70BF /* Injection.swift in Sources */,
				BA7631AA218DF75E00929175 /* ApiClient.swift in Sources */,
				BA7631B1218DFBC300929175 /* API.swift in Sources */,
				BACCDCA5218E760500EF70BF /* RepositoriesService.swift in Sources */,
				BACCDCA1218E6D9800EF70BF /* Repository.swift in Sources */,
				BA7631A3218DDDFB00929175 /* Utils.swift in Sources */,
				BACCDCE821937A4900EF70BF /* RepositoryViewModel.swift in Sources */,
				BACCDCA7218E783A00EF70BF /* RepositoriesViewModel.swift in Sources */,
				BACCDCCC2192515200EF70BF /* RepositoryDetailsViewController.swift in Sources */,
				BA7631AC218DFB0300929175 /* RxApollo.swift in Sources */,
				BA7631A1218DD45700929175 /* MainViewController.swift in Sources */,
				BA76319D218DD32700929175 /* TokenManager.swift in Sources */,
				BACCDC9C218E665D00EF70BF /* NibLoadable.swift in Sources */,
				BACCDCA9218E828F00EF70BF /* RepositoriesTableDataSource.swift in Sources */,
			);
			runOnlyForDeploymentPostprocessing = 0;
		};
/* End PBXSourcesBuildPhase section */

/* Begin PBXVariantGroup section */
		BA0E5B60218CFE5B0013F5A6 /* Main.storyboard */ = {
			isa = PBXVariantGroup;
			children = (
				BA0E5B61218CFE5B0013F5A6 /* Base */,
			);
			name = Main.storyboard;
			sourceTree = "<group>";
		};
		BA0E5B65218CFE5D0013F5A6 /* LaunchScreen.storyboard */ = {
			isa = PBXVariantGroup;
			children = (
				BA0E5B66218CFE5D0013F5A6 /* Base */,
			);
			name = LaunchScreen.storyboard;
			sourceTree = "<group>";
		};
/* End PBXVariantGroup section */

/* Begin XCBuildConfiguration section */
		BA0E5B69218CFE5D0013F5A6 /* Debug */ = {
			isa = XCBuildConfiguration;
			buildSettings = {
				ALWAYS_SEARCH_USER_PATHS = NO;
				CLANG_ANALYZER_NONNULL = YES;
				CLANG_ANALYZER_NUMBER_OBJECT_CONVERSION = YES_AGGRESSIVE;
				CLANG_CXX_LANGUAGE_STANDARD = "gnu++14";
				CLANG_CXX_LIBRARY = "libc++";
				CLANG_ENABLE_MODULES = YES;
				CLANG_ENABLE_OBJC_ARC = YES;
				CLANG_ENABLE_OBJC_WEAK = YES;
				CLANG_WARN_BLOCK_CAPTURE_AUTORELEASING = YES;
				CLANG_WARN_BOOL_CONVERSION = YES;
				CLANG_WARN_COMMA = YES;
				CLANG_WARN_CONSTANT_CONVERSION = YES;
				CLANG_WARN_DEPRECATED_OBJC_IMPLEMENTATIONS = YES;
				CLANG_WARN_DIRECT_OBJC_ISA_USAGE = YES_ERROR;
				CLANG_WARN_DOCUMENTATION_COMMENTS = YES;
				CLANG_WARN_EMPTY_BODY = YES;
				CLANG_WARN_ENUM_CONVERSION = YES;
				CLANG_WARN_INFINITE_RECURSION = YES;
				CLANG_WARN_INT_CONVERSION = YES;
				CLANG_WARN_NON_LITERAL_NULL_CONVERSION = YES;
				CLANG_WARN_OBJC_IMPLICIT_RETAIN_SELF = YES;
				CLANG_WARN_OBJC_LITERAL_CONVERSION = YES;
				CLANG_WARN_OBJC_ROOT_CLASS = YES_ERROR;
				CLANG_WARN_RANGE_LOOP_ANALYSIS = YES;
				CLANG_WARN_STRICT_PROTOTYPES = YES;
				CLANG_WARN_SUSPICIOUS_MOVE = YES;
				CLANG_WARN_UNGUARDED_AVAILABILITY = YES_AGGRESSIVE;
				CLANG_WARN_UNREACHABLE_CODE = YES;
				CLANG_WARN__DUPLICATE_METHOD_MATCH = YES;
				CODE_SIGN_IDENTITY = "iPhone Developer";
				COPY_PHASE_STRIP = NO;
				DEBUG_INFORMATION_FORMAT = dwarf;
				ENABLE_STRICT_OBJC_MSGSEND = YES;
				ENABLE_TESTABILITY = YES;
				GCC_C_LANGUAGE_STANDARD = gnu11;
				GCC_DYNAMIC_NO_PIC = NO;
				GCC_NO_COMMON_BLOCKS = YES;
				GCC_OPTIMIZATION_LEVEL = 0;
				GCC_PREPROCESSOR_DEFINITIONS = (
					"DEBUG=1",
					"$(inherited)",
				);
				GCC_WARN_64_TO_32_BIT_CONVERSION = YES;
				GCC_WARN_ABOUT_RETURN_TYPE = YES_ERROR;
				GCC_WARN_UNDECLARED_SELECTOR = YES;
				GCC_WARN_UNINITIALIZED_AUTOS = YES_AGGRESSIVE;
				GCC_WARN_UNUSED_FUNCTION = YES;
				GCC_WARN_UNUSED_VARIABLE = YES;
				IPHONEOS_DEPLOYMENT_TARGET = 12.1;
				MTL_ENABLE_DEBUG_INFO = INCLUDE_SOURCE;
				MTL_FAST_MATH = YES;
				ONLY_ACTIVE_ARCH = YES;
				SDKROOT = iphoneos;
				SWIFT_ACTIVE_COMPILATION_CONDITIONS = DEBUG;
				SWIFT_OPTIMIZATION_LEVEL = "-Onone";
			};
			name = Debug;
		};
		BA0E5B6A218CFE5D0013F5A6 /* Release */ = {
			isa = XCBuildConfiguration;
			buildSettings = {
				ALWAYS_SEARCH_USER_PATHS = NO;
				CLANG_ANALYZER_NONNULL = YES;
				CLANG_ANALYZER_NUMBER_OBJECT_CONVERSION = YES_AGGRESSIVE;
				CLANG_CXX_LANGUAGE_STANDARD = "gnu++14";
				CLANG_CXX_LIBRARY = "libc++";
				CLANG_ENABLE_MODULES = YES;
				CLANG_ENABLE_OBJC_ARC = YES;
				CLANG_ENABLE_OBJC_WEAK = YES;
				CLANG_WARN_BLOCK_CAPTURE_AUTORELEASING = YES;
				CLANG_WARN_BOOL_CONVERSION = YES;
				CLANG_WARN_COMMA = YES;
				CLANG_WARN_CONSTANT_CONVERSION = YES;
				CLANG_WARN_DEPRECATED_OBJC_IMPLEMENTATIONS = YES;
				CLANG_WARN_DIRECT_OBJC_ISA_USAGE = YES_ERROR;
				CLANG_WARN_DOCUMENTATION_COMMENTS = YES;
				CLANG_WARN_EMPTY_BODY = YES;
				CLANG_WARN_ENUM_CONVERSION = YES;
				CLANG_WARN_INFINITE_RECURSION = YES;
				CLANG_WARN_INT_CONVERSION = YES;
				CLANG_WARN_NON_LITERAL_NULL_CONVERSION = YES;
				CLANG_WARN_OBJC_IMPLICIT_RETAIN_SELF = YES;
				CLANG_WARN_OBJC_LITERAL_CONVERSION = YES;
				CLANG_WARN_OBJC_ROOT_CLASS = YES_ERROR;
				CLANG_WARN_RANGE_LOOP_ANALYSIS = YES;
				CLANG_WARN_STRICT_PROTOTYPES = YES;
				CLANG_WARN_SUSPICIOUS_MOVE = YES;
				CLANG_WARN_UNGUARDED_AVAILABILITY = YES_AGGRESSIVE;
				CLANG_WARN_UNREACHABLE_CODE = YES;
				CLANG_WARN__DUPLICATE_METHOD_MATCH = YES;
				CODE_SIGN_IDENTITY = "iPhone Developer";
				COPY_PHASE_STRIP = NO;
				DEBUG_INFORMATION_FORMAT = "dwarf-with-dsym";
				ENABLE_NS_ASSERTIONS = NO;
				ENABLE_STRICT_OBJC_MSGSEND = YES;
				GCC_C_LANGUAGE_STANDARD = gnu11;
				GCC_NO_COMMON_BLOCKS = YES;
				GCC_WARN_64_TO_32_BIT_CONVERSION = YES;
				GCC_WARN_ABOUT_RETURN_TYPE = YES_ERROR;
				GCC_WARN_UNDECLARED_SELECTOR = YES;
				GCC_WARN_UNINITIALIZED_AUTOS = YES_AGGRESSIVE;
				GCC_WARN_UNUSED_FUNCTION = YES;
				GCC_WARN_UNUSED_VARIABLE = YES;
				IPHONEOS_DEPLOYMENT_TARGET = 12.1;
				MTL_ENABLE_DEBUG_INFO = NO;
				MTL_FAST_MATH = YES;
				SDKROOT = iphoneos;
				SWIFT_COMPILATION_MODE = wholemodule;
				SWIFT_OPTIMIZATION_LEVEL = "-O";
				VALIDATE_PRODUCT = YES;
			};
			name = Release;
		};
		BA0E5B6C218CFE5D0013F5A6 /* Debug */ = {
			isa = XCBuildConfiguration;
			baseConfigurationReference = 81E00F373D73376A18277B61 /* Pods-RepoViewer.debug.xcconfig */;
			buildSettings = {
				ASSETCATALOG_COMPILER_APPICON_NAME = AppIcon;
				CODE_SIGN_STYLE = Automatic;
				DEVELOPMENT_TEAM = JL84E9GK95;
				INFOPLIST_FILE = RepoViewer/Info.plist;
				LD_RUNPATH_SEARCH_PATHS = (
					"$(inherited)",
					"@executable_path/Frameworks",
				);
				PRODUCT_BUNDLE_IDENTIFIER = com.victormihaita.RepoViewer;
				PRODUCT_NAME = "$(TARGET_NAME)";
				SWIFT_VERSION = 4.2;
				TARGETED_DEVICE_FAMILY = "1,2";
			};
			name = Debug;
		};
		BA0E5B6D218CFE5D0013F5A6 /* Release */ = {
			isa = XCBuildConfiguration;
			baseConfigurationReference = D9A45FB7FB4C0586148F8202 /* Pods-RepoViewer.release.xcconfig */;
			buildSettings = {
				ASSETCATALOG_COMPILER_APPICON_NAME = AppIcon;
				CODE_SIGN_STYLE = Automatic;
				DEVELOPMENT_TEAM = JL84E9GK95;
				INFOPLIST_FILE = RepoViewer/Info.plist;
				LD_RUNPATH_SEARCH_PATHS = (
					"$(inherited)",
					"@executable_path/Frameworks",
				);
				PRODUCT_BUNDLE_IDENTIFIER = com.victormihaita.RepoViewer;
				PRODUCT_NAME = "$(TARGET_NAME)";
				SWIFT_VERSION = 4.2;
				TARGETED_DEVICE_FAMILY = "1,2";
			};
			name = Release;
		};
/* End XCBuildConfiguration section */

/* Begin XCConfigurationList section */
		BA0E5B54218CFE5B0013F5A6 /* Build configuration list for PBXProject "RepoViewer" */ = {
			isa = XCConfigurationList;
			buildConfigurations = (
				BA0E5B69218CFE5D0013F5A6 /* Debug */,
				BA0E5B6A218CFE5D0013F5A6 /* Release */,
			);
			defaultConfigurationIsVisible = 0;
			defaultConfigurationName = Release;
		};
		BA0E5B6B218CFE5D0013F5A6 /* Build configuration list for PBXNativeTarget "RepoViewer" */ = {
			isa = XCConfigurationList;
			buildConfigurations = (
				BA0E5B6C218CFE5D0013F5A6 /* Debug */,
				BA0E5B6D218CFE5D0013F5A6 /* Release */,
			);
			defaultConfigurationIsVisible = 0;
			defaultConfigurationName = Release;
		};
/* End XCConfigurationList section */
	};
	rootObject = BA0E5B51218CFE5B0013F5A6 /* Project object */;
}
